// !$*UTF8*$!
{
	archiveVersion = 1;
	classes = {
	};
	objectVersion = 77;
	objects = {

/* Begin PBXBuildFile section */
		4665EBD3300521BC0000D37E /* GoogleMaps in Frameworks */ = {isa = PBXBuildFile; productRef = 4665EBD2300521BC0000D37E /* GoogleMaps */; };
		4665EBD5300521BC0000D37E /* Alamofire in Frameworks */ = {isa = PBXBuildFile; productRef = 4665EBD4300521BC0000D37E /* Alamofire */; };
/* End PBXBuildFile section */

/* Begin PBXContainerItemProxy section */
		46B4B5CE3000C36000ACC797 /* PBXContainerItemProxy */ = {
			isa = PBXContainerItemProxy;
			containerPortal = 46B4B5B83000C35E00ACC797 /* Project object */;
			proxyType = 1;
			remoteGlobalIDString = 46B4B5BF3000C35E00ACC797;
			remoteInfo = MVLAssignment;
		};
		46B4B5D83000C36000ACC797 /* PBXContainerItemProxy */ = {
			isa = PBXContainerItemProxy;
			containerPortal = 46B4B5B83000C35E00ACC797 /* Project object */;
			proxyType = 1;
			remoteGlobalIDString = 46B4B5BF3000C35E00ACC797;
			remoteInfo = MVLAssignment;
		};
/* End PBXContainerItemProxy section */

/* Begin PBXFileReference section */
		46B4B5C03000C35E00ACC797 /* MVLAssignment.app */ = {isa = PBXFileReference; explicitFileType = wrapper.application; includeInIndex = 0; path = MVLAssignment.app; sourceTree = BUILT_PRODUCTS_DIR; };
		46B4B5CD3000C36000ACC797 /* MVLAssignmentTests.xctest */ = {isa = PBXFileReference; explicitFileType = wrapper.cfbundle; includeInIndex = 0; path = MVLAssignmentTests.xctest; sourceTree = BUILT_PRODUCTS_DIR; };
		46B4B5D73000C36000ACC797 /* MVLAssignmentUITests.xctest */ = {isa = PBXFileReference; explicitFileType = wrapper.cfbundle; includeInIndex = 0; path = MVLAssignmentUITests.xctest; sourceTree = BUILT_PRODUCTS_DIR; };
/* End PBXFileReference section */

/* Begin PBXFileSystemSynchronizedBuildFileExceptionSet section */
		4665EBD030051E7E0000D37E /* Exceptions for "MVLAssignment" folder in "MVLAssignment" target */ = {
			isa = PBXFileSystemSynchronizedBuildFileExceptionSet;
			membershipExceptions = (
				Info.plist,
			);
			target = 46B4B5BF3000C35E00ACC797 /* MVLAssignment */;
		};
/* End PBXFileSystemSynchronizedBuildFileExceptionSet section */

/* Begin PBXFileSystemSynchronizedRootGroup section */
		46B4B5C23000C35E00ACC797 /* MVLAssignment */ = {
			isa = PBXFileSystemSynchronizedRootGroup;
			exceptions = (
				4665EBD030051E7E0000D37E /* Exceptions for "MVLAssignment" folder in "MVLAssignment" target */,
			);
			path = MVLAssignment;
			sourceTree = "<group>";
		};
		46B4B5D03000C36000ACC797 /* MVLAssignmentTests */ = {
			isa = PBXFileSystemSynchronizedRootGroup;
			path = MVLAssignmentTests;
			sourceTree = "<group>";
		};
		46B4B5DA3000C36000ACC797 /* MVLAssignmentUITests */ = {
			isa = PBXFileSystemSynchronizedRootGroup;
			path = MVLAssignmentUITests;
			sourceTree = "<group>";
		};
/* End PBXFileSystemSynchronizedRootGroup section */

/* Begin PBXFrameworksBuildPhase section */
		46B4B5BD3000C35E00ACC797 /* Frameworks */ = {
			isa = PBXFrameworksBuildPhase;
			buildActionMask = 2147483647;
			files = (
				4665EBD3300521BC0000D37E /* GoogleMaps in Frameworks */,
				4665EBD5300521BC0000D37E /* Alamofire in Frameworks */,
			);
			runOnlyForDeploymentPostprocessing = 0;
		};
		46B4B5CA3000C36000ACC797 /* Frameworks */ = {
			isa = PBXFrameworksBuildPhase;
			buildActionMask = 2147483647;
			files = (
			);
			runOnlyForDeploymentPostprocessing = 0;
		};
		46B4B5D43000C36000ACC797 /* Frameworks */ = {
			isa = PBXFrameworksBuildPhase;
			buildActionMask = 2147483647;
			files = (
			);
			runOnlyForDeploymentPostprocessing = 0;
		};
/* End PBXFrameworksBuildPhase section */

/* Begin PBXGroup section */
		4665EBD1300521BC0000D37E /* Frameworks */ = {
			isa = PBXGroup;
			children = (
			);
			name = Frameworks;
			sourceTree = "<group>";
		};
		46B4B5B73000C35E00ACC797 = {
			isa = PBXGroup;
			children = (
				46B4B5C23000C35E00ACC797 /* MVLAssignment */,
				46B4B5D03000C36000ACC797 /* MVLAssignmentTests */,
				46B4B5DA3000C36000ACC797 /* MVLAssignmentUITests */,
				4665EBD1300521BC0000D37E /* Frameworks */,
				46B4B5C13000C35E00ACC797 /* Products */,
			);
			sourceTree = "<group>";
		};
		46B4B5C13000C35E00ACC797 /* Products */ = {
			isa = PBXGroup;
			children = (
				46B4B5C03000C35E00ACC797 /* MVLAssignment.app */,
				46B4B5CD3000C36000ACC797 /* MVLAssignmentTests.xctest */,
				46B4B5D73000C36000ACC797 /* MVLAssignmentUITests.xctest */,
			);
			name = Products;
			sourceTree = "<group>";
		};
/* End PBXGroup section */

/* Begin PBXNativeTarget section */
		46B4B5BF3000C35E00ACC797 /* MVLAssignment */ = {
			isa = PBXNativeTarget;
			buildConfigurationList = 46B4B5E13000C36000ACC797 /* Build configuration list for PBXNativeTarget "MVLAssignment" */;
			buildPhases = (
				46B4B5BC3000C35E00ACC797 /* Sources */,
				46B4B5BD3000C35E00ACC797 /* Frameworks */,
				46B4B5BE3000C35E00ACC797 /* Resources */,
			);
			buildRules = (
			);
			dependencies = (
			);
			fileSystemSynchronizedGroups = (
				46B4B5C23000C35E00ACC797 /* MVLAssignment */,
			);
			name = MVLAssignment;
			packageProductDependencies = (
				4665EBD2300521BC0000D37E /* GoogleMaps */,
				4665EBD4300521BC0000D37E /* Alamofire */,
			);
			productName = MVLAssignment;
			productReference = 46B4B5C03000C35E00ACC797 /* MVLAssignment.app */;
			productType = "com.apple.product-type.application";
		};
		46B4B5CC3000C36000ACC797 /* MVLAssignmentTests */ = {
			isa = PBXNativeTarget;
			buildConfigurationList = 46B4B5E43000C36000ACC797 /* Build configuration list for PBXNativeTarget "MVLAssignmentTests" */;
			buildPhases = (
				46B4B5C93000C36000ACC797 /* Sources */,
				46B4B5CA3000C36000ACC797 /* Frameworks */,
				46B4B5CB3000C36000ACC797 /* Resources */,
			);
			buildRules = (
			);
			dependencies = (
				46B4B5CF3000C36000ACC797 /* PBXTargetDependency */,
			);
			fileSystemSynchronizedGroups = (
				46B4B5D03000C36000ACC797 /* MVLAssignmentTests */,
			);
			name = MVLAssignmentTests;
			packageProductDependencies = (
			);
			productName = MVLAssignmentTests;
			productReference = 46B4B5CD3000C36000ACC797 /* MVLAssignmentTests.xctest */;
			productType = "com.apple.product-type.bundle.unit-test";
		};
		46B4B5D63000C36000ACC797 /* MVLAssignmentUITests */ = {
			isa = PBXNativeTarget;
			buildConfigurationList = 46B4B5E73000C36000ACC797 /* Build configuration list for PBXNativeTarget "MVLAssignmentUITests" */;
			buildPhases = (
				46B4B5D33000C36000ACC797 /* Sources */,
				46B4B5D43000C36000ACC797 /* Frameworks */,
				46B4B5D53000C36000ACC797 /* Resources */,
			);
			buildRules = (
			);
			dependencies = (
				46B4B5D93000C36000ACC797 /* PBXTargetDependency */,
			);
			fileSystemSynchronizedGroups = (
				46B4B5DA3000C36000ACC797 /* MVLAssignmentUITests */,
			);
			name = MVLAssignmentUITests;
			packageProductDependencies = (
			);
			productName = MVLAssignmentUITests;
			productReference = 46B4B5D73000C36000ACC797 /* MVLAssignmentUITests.xctest */;
			productType = "com.apple.product-type.bundle.ui-testing";
		};
/* End PBXNativeTarget section */

/* Begin PBXProject section */
		46B4B5B83000C35E00ACC797 /* Project object */ = {
			isa = PBXProject;
			attributes = {
				BuildIndependentTargetsInParallel = 1;
				LastSwiftUpdateCheck = 2660;
				LastUpgradeCheck = 2660;
				TargetAttributes = {
					46B4B5BF3000C35E00ACC797 = {
						CreatedOnToolsVersion = 26.6;
					};
					46B4B5CC3000C36000ACC797 = {
						CreatedOnToolsVersion = 26.6;
						TestTargetID = 46B4B5BF3000C35E00ACC797;
					};
					46B4B5D63000C36000ACC797 = {
						CreatedOnToolsVersion = 26.6;
						TestTargetID = 46B4B5BF3000C35E00ACC797;
					};
				};
			};
			buildConfigurationList = 46B4B5BB3000C35E00ACC797 /* Build configuration list for PBXProject "AirCheck" */;
			developmentRegion = en;
			hasScannedForEncodings = 0;
			knownRegions = (
				en,
				Base,
			);
			mainGroup = 46B4B5B73000C35E00ACC797;
			minimizedProjectReferenceProxies = 1;
			packageReferences = (
				4665E9A73000EED60000D37E /* XCRemoteSwiftPackageReference "ios-maps-sdk" */,
				4665E9A83000EF580000D37E /* XCRemoteSwiftPackageReference "Alamofire" */,
			);
			preferredProjectObjectVersion = 77;
			productRefGroup = 46B4B5C13000C35E00ACC797 /* Products */;
			projectDirPath = "";
			projectRoot = "";
			targets = (
				46B4B5BF3000C35E00ACC797 /* MVLAssignment */,
				46B4B5CC3000C36000ACC797 /* MVLAssignmentTests */,
				46B4B5D63000C36000ACC797 /* MVLAssignmentUITests */,
			);
		};
/* End PBXProject section */

/* Begin PBXResourcesBuildPhase section */
		46B4B5BE3000C35E00ACC797 /* Resources */ = {
			isa = PBXResourcesBuildPhase;
			buildActionMask = 2147483647;
			files = (
			);
			runOnlyForDeploymentPostprocessing = 0;
		};
		46B4B5CB3000C36000ACC797 /* Resources */ = {
			isa = PBXResourcesBuildPhase;
			buildActionMask = 2147483647;
			files = (
			);
			runOnlyForDeploymentPostprocessing = 0;
		};
		46B4B5D53000C36000ACC797 /* Resources */ = {
			isa = PBXResourcesBuildPhase;
			buildActionMask = 2147483647;
			files = (
			);
			runOnlyForDeploymentPostprocessing = 0;
		};
/* End PBXResourcesBuildPhase section */

/* Begin PBXSourcesBuildPhase section */
		46B4B5BC3000C35E00ACC797 /* Sources */ = {
			isa = PBXSourcesBuildPhase;
			buildActionMask = 2147483647;
			files = (
			);
			runOnlyForDeploymentPostprocessing = 0;
		};
		46B4B5C93000C36000ACC797 /* Sources */ = {
			isa = PBXSourcesBuildPhase;
			buildActionMask = 2147483647;
			files = (
			);
			runOnlyForDeploymentPostprocessing = 0;
		};
		46B4B5D33000C36000ACC797 /* Sources */ = {
			isa = PBXSourcesBuildPhase;
			buildActionMask = 2147483647;
			files = (
			);
			runOnlyForDeploymentPostprocessing = 0;
		};
/* End PBXSourcesBuildPhase section */

/* Begin PBXTargetDependency section */
		46B4B5CF3000C36000ACC797 /* PBXTargetDependency */ = {
			isa = PBXTargetDependency;
			target = 46B4B5BF3000C35E00ACC797 /* MVLAssignment */;
			targetProxy = 46B4B5CE3000C36000ACC797 /* PBXContainerItemProxy */;
		};
		46B4B5D93000C36000ACC797 /* PBXTargetDependency */ = {
			isa = PBXTargetDependency;
			target = 46B4B5BF3000C35E00ACC797 /* MVLAssignment */;
			targetProxy = 46B4B5D83000C36000ACC797 /* PBXContainerItemProxy */;
		};
/* End PBXTargetDependency section */

/* Begin XCBuildConfiguration section */
		46B4B5DF3000C36000ACC797 /* Debug */ = {
			isa = XCBuildConfiguration;
			buildSettings = {
				ALWAYS_SEARCH_USER_PATHS = NO;
				ASSETCATALOG_COMPILER_GENERATE_SWIFT_ASSET_SYMBOL_EXTENSIONS = YES;
				CLANG_ANALYZER_NONNULL = YES;
				CLANG_ANALYZER_NUMBER_OBJECT_CONVERSION = YES_AGGRESSIVE;
				CLANG_CXX_LANGUAGE_STANDARD = "gnu++20";
				CLANG_ENABLE_MODULES = YES;
				CLANG_ENABLE_OBJC_ARC = YES;
				CLANG_ENABLE_OBJC_WEAK = YES;
				CLANG_WARN_BLOCK_CAPTURE_AUTORELEASING = YES;
				CLANG_WARN_BOOL_CONVERSION = YES;
				CLANG_WARN_COMMA = YES;
				CLANG_WARN_CONSTANT_CONVERSION = YES;
				CLANG_WARN_DEPRECATED_OBJC_IMPLEMENTATIONS = YES;
				CLANG_WARN_DIRECT_OBJC_ISA_USAGE = YES_ERROR;
				CLANG_WARN_DOCUMENTATION_COMMENTS = YES;
				CLANG_WARN_EMPTY_BODY = YES;
				CLANG_WARN_ENUM_CONVERSION = YES;
				CLANG_WARN_INFINITE_RECURSION = YES;
				CLANG_WARN_INT_CONVERSION = YES;
				CLANG_WARN_NON_LITERAL_NULL_CONVERSION = YES;
				CLANG_WARN_OBJC_IMPLICIT_RETAIN_SELF = YES;
				CLANG_WARN_OBJC_LITERAL_CONVERSION = YES;
				CLANG_WARN_OBJC_ROOT_CLASS = YES_ERROR;
				CLANG_WARN_QUOTED_INCLUDE_IN_FRAMEWORK_HEADER = YES;
				CLANG_WARN_RANGE_LOOP_ANALYSIS = YES;
				CLANG_WARN_STRICT_PROTOTYPES = YES;
				CLANG_WARN_SUSPICIOUS_MOVE = YES;
				CLANG_WARN_UNGUARDED_AVAILABILITY = YES_AGGRESSIVE;
				CLANG_WARN_UNREACHABLE_CODE = YES;
				CLANG_WARN__DUPLICATE_METHOD_MATCH = YES;
				COPY_PHASE_STRIP = NO;
				DEBUG_INFORMATION_FORMAT = dwarf;
				ENABLE_STRICT_OBJC_MSGSEND = YES;
				ENABLE_TESTABILITY = YES;
				ENABLE_USER_SCRIPT_SANDBOXING = YES;
				GCC_C_LANGUAGE_STANDARD = gnu17;
				GCC_DYNAMIC_NO_PIC = NO;
				GCC_NO_COMMON_BLOCKS = YES;
				GCC_OPTIMIZATION_LEVEL = 0;
				GCC_PREPROCESSOR_DEFINITIONS = (
					"DEBUG=1",
					"$(inherited)",
				);
				GCC_WARN_64_TO_32_BIT_CONVERSION = YES;
				GCC_WARN_ABOUT_RETURN_TYPE = YES_ERROR;
				GCC_WARN_UNDECLARED_SELECTOR = YES;
				GCC_WARN_UNINITIALIZED_AUTOS = YES_AGGRESSIVE;
				GCC_WARN_UNUSED_FUNCTION = YES;
				GCC_WARN_UNUSED_VARIABLE = YES;
				IPHONEOS_DEPLOYMENT_TARGET = 26.5;
				LOCALIZATION_PREFERS_STRING_CATALOGS = YES;
				MTL_ENABLE_DEBUG_INFO = INCLUDE_SOURCE;
				MTL_FAST_MATH = YES;
				ONLY_ACTIVE_ARCH = YES;
				SDKROOT = iphoneos;
				SWIFT_ACTIVE_COMPILATION_CONDITIONS = "DEBUG $(inherited)";
				SWIFT_OPTIMIZATION_LEVEL = "-Onone";
			};
			name = Debug;
		};
		46B4B5E03000C36000ACC797 /* Release */ = {
			isa = XCBuildConfiguration;
			buildSettings = {
				ALWAYS_SEARCH_USER_PATHS = NO;
				ASSETCATALOG_COMPILER_GENERATE_SWIFT_ASSET_SYMBOL_EXTENSIONS = YES;
				CLANG_ANALYZER_NONNULL = YES;
				CLANG_ANALYZER_NUMBER_OBJECT_CONVERSION = YES_AGGRESSIVE;
				CLANG_CXX_LANGUAGE_STANDARD = "gnu++20";
				CLANG_ENABLE_MODULES = YES;
				CLANG_ENABLE_OBJC_ARC = YES;
				CLANG_ENABLE_OBJC_WEAK = YES;
				CLANG_WARN_BLOCK_CAPTURE_AUTORELEASING = YES;
				CLANG_WARN_BOOL_CONVERSION = YES;
				CLANG_WARN_COMMA = YES;
				CLANG_WARN_CONSTANT_CONVERSION = YES;
				CLANG_WARN_DEPRECATED_OBJC_IMPLEMENTATIONS = YES;
				CLANG_WARN_DIRECT_OBJC_ISA_USAGE = YES_ERROR;
				CLANG_WARN_DOCUMENTATION_COMMENTS = YES;
				CLANG_WARN_EMPTY_BODY = YES;
				CLANG_WARN_ENUM_CONVERSION = YES;
				CLANG_WARN_INFINITE_RECURSION = YES;
				CLANG_WARN_INT_CONVERSION = YES;
				CLANG_WARN_NON_LITERAL_NULL_CONVERSION = YES;
				CLANG_WARN_OBJC_IMPLICIT_RETAIN_SELF = YES;
				CLANG_WARN_OBJC_LITERAL_CONVERSION = YES;
				CLANG_WARN_OBJC_ROOT_CLASS = YES_ERROR;
				CLANG_WARN_QUOTED_INCLUDE_IN_FRAMEWORK_HEADER = YES;
				CLANG_WARN_RANGE_LOOP_ANALYSIS = YES;
				CLANG_WARN_STRICT_PROTOTYPES = YES;
				CLANG_WARN_SUSPICIOUS_MOVE = YES;
				CLANG_WARN_UNGUARDED_AVAILABILITY = YES_AGGRESSIVE;
				CLANG_WARN_UNREACHABLE_CODE = YES;
				CLANG_WARN__DUPLICATE_METHOD_MATCH = YES;
				COPY_PHASE_STRIP = NO;
				DEBUG_INFORMATION_FORMAT = "dwarf-with-dsym";
				ENABLE_NS_ASSERTIONS = NO;
				ENABLE_STRICT_OBJC_MSGSEND = YES;
				ENABLE_USER_SCRIPT_SANDBOXING = YES;
				GCC_C_LANGUAGE_STANDARD = gnu17;
				GCC_NO_COMMON_BLOCKS = YES;
				GCC_WARN_64_TO_32_BIT_CONVERSION = YES;
				GCC_WARN_ABOUT_RETURN_TYPE = YES_ERROR;
				GCC_WARN_UNDECLARED_SELECTOR = YES;
				GCC_WARN_UNINITIALIZED_AUTOS = YES_AGGRESSIVE;
				GCC_WARN_UNUSED_FUNCTION = YES;
				GCC_WARN_UNUSED_VARIABLE = YES;
				IPHONEOS_DEPLOYMENT_TARGET = 26.5;
				LOCALIZATION_PREFERS_STRING_CATALOGS = YES;
				MTL_ENABLE_DEBUG_INFO = NO;
				MTL_FAST_MATH = YES;
				SDKROOT = iphoneos;
				SWIFT_COMPILATION_MODE = wholemodule;
				VALIDATE_PRODUCT = YES;
			};
			name = Release;
		};
		46B4B5E23000C36000ACC797 /* Debug */ = {
			isa = XCBuildConfiguration;
			buildSettings = {
				ASSETCATALOG_COMPILER_APPICON_NAME = AppIcon;
				ASSETCATALOG_COMPILER_GLOBAL_ACCENT_COLOR_NAME = AccentColor;
				CODE_SIGN_STYLE = Automatic;
				CURRENT_PROJECT_VERSION = 1;
				ENABLE_PREVIEWS = YES;
				GENERATE_INFOPLIST_FILE = YES;
				INFOPLIST_FILE = MVLAssignment/Info.plist;
				INFOPLIST_KEY_NSLocationWhenInUseUsageDescription = "We use your location to center the map and show local air quality.";
				INFOPLIST_KEY_UIApplicationSceneManifest_Generation = YES;
				INFOPLIST_KEY_UIApplicationSupportsIndirectInputEvents = YES;
				INFOPLIST_KEY_UILaunchScreen_Generation = YES;
				INFOPLIST_KEY_UISupportedInterfaceOrientations_iPad = "UIInterfaceOrientationPortrait UIInterfaceOrientationPortraitUpsideDown UIInterfaceOrientationLandscapeLeft UIInterfaceOrientationLandscapeRight";
				INFOPLIST_KEY_UISupportedInterfaceOrientations_iPhone = "UIInterfaceOrientationPortrait UIInterfaceOrientationLandscapeLeft UIInterfaceOrientationLandscapeRight";
				LD_RUNPATH_SEARCH_PATHS = (
					"$(inherited)",
					"@executable_path/Frameworks",
				);
				MARKETING_VERSION = 1.0;
				PRODUCT_BUNDLE_IDENTIFIER = target.MVLAssignment;
				PRODUCT_NAME = "$(TARGET_NAME)";
				STRING_CATALOG_GENERATE_SYMBOLS = YES;
				SWIFT_APPROACHABLE_CONCURRENCY = YES;
				SWIFT_DEFAULT_ACTOR_ISOLATION = nonisolated;
				SWIFT_EMIT_LOC_STRINGS = YES;
				SWIFT_UPCOMING_FEATURE_MEMBER_IMPORT_VISIBILITY = YES;
				SWIFT_VERSION = 5.0;
				TARGETED_DEVICE_FAMILY = "1,2";
			};
			name = Debug;
		};
		46B4B5E33000C36000ACC797 /* Release */ = {
			isa = XCBuildConfiguration;
			buildSettings = {
				ASSETCATALOG_COMPILER_APPICON_NAME = AppIcon;
				ASSETCATALOG_COMPILER_GLOBAL_ACCENT_COLOR_NAME = AccentColor;
				CODE_SIGN_STYLE = Automatic;
				CURRENT_PROJECT_VERSION = 1;
				ENABLE_PREVIEWS = YES;
				GENERATE_INFOPLIST_FILE = YES;
				INFOPLIST_FILE = MVLAssignment/Info.plist;
				INFOPLIST_KEY_NSLocationWhenInUseUsageDescription = "We use your location to center the map and show local air quality.";
				INFOPLIST_KEY_UIApplicationSceneManifest_Generation = YES;
				INFOPLIST_KEY_UIApplicationSupportsIndirectInputEvents = YES;
				INFOPLIST_KEY_UILaunchScreen_Generation = YES;
				INFOPLIST_KEY_UISupportedInterfaceOrientations_iPad = "UIInterfaceOrientationPortrait UIInterfaceOrientationPortraitUpsideDown UIInterfaceOrientationLandscapeLeft UIInterfaceOrientationLandscapeRight";
				INFOPLIST_KEY_UISupportedInterfaceOrientations_iPhone = "UIInterfaceOrientationPortrait UIInterfaceOrientationLandscapeLeft UIInterfaceOrientationLandscapeRight";
				LD_RUNPATH_SEARCH_PATHS = (
					"$(inherited)",
					"@executable_path/Frameworks",
				);
				MARKETING_VERSION = 1.0;
				PRODUCT_BUNDLE_IDENTIFIER = target.MVLAssignment;
				PRODUCT_NAME = "$(TARGET_NAME)";
				STRING_CATALOG_GENERATE_SYMBOLS = YES;
				SWIFT_APPROACHABLE_CONCURRENCY = YES;
				SWIFT_DEFAULT_ACTOR_ISOLATION = nonisolated;
				SWIFT_EMIT_LOC_STRINGS = YES;
				SWIFT_UPCOMING_FEATURE_MEMBER_IMPORT_VISIBILITY = YES;
				SWIFT_VERSION = 5.0;
				TARGETED_DEVICE_FAMILY = "1,2";
			};
			name = Release;
		};
		46B4B5E53000C36000ACC797 /* Debug */ = {
			isa = XCBuildConfiguration;
			buildSettings = {
				BUNDLE_LOADER = "$(TEST_HOST)";
				CODE_SIGN_STYLE = Automatic;
				CURRENT_PROJECT_VERSION = 1;
				GENERATE_INFOPLIST_FILE = YES;
				IPHONEOS_DEPLOYMENT_TARGET = 26.5;
				MARKETING_VERSION = 1.0;
				PRODUCT_BUNDLE_IDENTIFIER = target.MVLAssignmentTests;
				PRODUCT_NAME = "$(TARGET_NAME)";
				STRING_CATALOG_GENERATE_SYMBOLS = NO;
				SWIFT_APPROACHABLE_CONCURRENCY = YES;
				SWIFT_EMIT_LOC_STRINGS = NO;
				SWIFT_UPCOMING_FEATURE_MEMBER_IMPORT_VISIBILITY = YES;
				SWIFT_VERSION = 5.0;
				TARGETED_DEVICE_FAMILY = "1,2";
				TEST_HOST = "$(BUILT_PRODUCTS_DIR)/MVLAssignment.app/$(BUNDLE_EXECUTABLE_FOLDER_PATH)/MVLAssignment";
			};
			name = Debug;
		};
		46B4B5E63000C36000ACC797 /* Release */ = {
			isa = XCBuildConfiguration;
			buildSettings = {
				BUNDLE_LOADER = "$(TEST_HOST)";
				CODE_SIGN_STYLE = Automatic;
				CURRENT_PROJECT_VERSION = 1;
				GENERATE_INFOPLIST_FILE = YES;
				IPHONEOS_DEPLOYMENT_TARGET = 26.5;
				MARKETING_VERSION = 1.0;
				PRODUCT_BUNDLE_IDENTIFIER = target.MVLAssignmentTests;
				PRODUCT_NAME = "$(TARGET_NAME)";
				STRING_CATALOG_GENERATE_SYMBOLS = NO;
				SWIFT_APPROACHABLE_CONCURRENCY = YES;
				SWIFT_EMIT_LOC_STRINGS = NO;
				SWIFT_UPCOMING_FEATURE_MEMBER_IMPORT_VISIBILITY = YES;
				SWIFT_VERSION = 5.0;
				TARGETED_DEVICE_FAMILY = "1,2";
				TEST_HOST = "$(BUILT_PRODUCTS_DIR)/MVLAssignment.app/$(BUNDLE_EXECUTABLE_FOLDER_PATH)/MVLAssignment";
			};
			name = Release;
		};
		46B4B5E83000C36000ACC797 /* Debug */ = {
			isa = XCBuildConfiguration;
			buildSettings = {
				CODE_SIGN_STYLE = Automatic;
				CURRENT_PROJECT_VERSION = 1;
				GENERATE_INFOPLIST_FILE = YES;
				MARKETING_VERSION = 1.0;
				PRODUCT_BUNDLE_IDENTIFIER = target.MVLAssignmentUITests;
				PRODUCT_NAME = "$(TARGET_NAME)";
				STRING_CATALOG_GENERATE_SYMBOLS = NO;
				SWIFT_APPROACHABLE_CONCURRENCY = YES;
				SWIFT_EMIT_LOC_STRINGS = NO;
				SWIFT_UPCOMING_FEATURE_MEMBER_IMPORT_VISIBILITY = YES;
				SWIFT_VERSION = 5.0;
				TARGETED_DEVICE_FAMILY = "1,2";
				TEST_TARGET_NAME = MVLAssignment;
			};
			name = Debug;
		};
		46B4B5E93000C36000ACC797 /* Release */ = {
			isa = XCBuildConfiguration;
			buildSettings = {
				CODE_SIGN_STYLE = Automatic;
				CURRENT_PROJECT_VERSION = 1;
				GENERATE_INFOPLIST_FILE = YES;
				MARKETING_VERSION = 1.0;
				PRODUCT_BUNDLE_IDENTIFIER = target.MVLAssignmentUITests;
				PRODUCT_NAME = "$(TARGET_NAME)";
				STRING_CATALOG_GENERATE_SYMBOLS = NO;
				SWIFT_APPROACHABLE_CONCURRENCY = YES;
				SWIFT_EMIT_LOC_STRINGS = NO;
				SWIFT_UPCOMING_FEATURE_MEMBER_IMPORT_VISIBILITY = YES;
				SWIFT_VERSION = 5.0;
				TARGETED_DEVICE_FAMILY = "1,2";
				TEST_TARGET_NAME = MVLAssignment;
			};
			name = Release;
		};
/* End XCBuildConfiguration section */

/* Begin XCConfigurationList section */
		46B4B5BB3000C35E00ACC797 /* Build configuration list for PBXProject "AirCheck" */ = {
			isa = XCConfigurationList;
			buildConfigurations = (
				46B4B5DF3000C36000ACC797 /* Debug */,
				46B4B5E03000C36000ACC797 /* Release */,
			);
			defaultConfigurationIsVisible = 0;
			defaultConfigurationName = Release;
		};
		46B4B5E13000C36000ACC797 /* Build configuration list for PBXNativeTarget "MVLAssignment" */ = {
			isa = XCConfigurationList;
			buildConfigurations = (
				46B4B5E23000C36000ACC797 /* Debug */,
				46B4B5E33000C36000ACC797 /* Release */,
			);
			defaultConfigurationIsVisible = 0;
			defaultConfigurationName = Release;
		};
		46B4B5E43000C36000ACC797 /* Build configuration list for PBXNativeTarget "MVLAssignmentTests" */ = {
			isa = XCConfigurationList;
			buildConfigurations = (
				46B4B5E53000C36000ACC797 /* Debug */,
				46B4B5E63000C36000ACC797 /* Release */,
			);
			defaultConfigurationIsVisible = 0;
			defaultConfigurationName = Release;
		};
		46B4B5E73000C36000ACC797 /* Build configuration list for PBXNativeTarget "MVLAssignmentUITests" */ = {
			isa = XCConfigurationList;
			buildConfigurations = (
				46B4B5E83000C36000ACC797 /* Debug */,
				46B4B5E93000C36000ACC797 /* Release */,
			);
			defaultConfigurationIsVisible = 0;
			defaultConfigurationName = Release;
		};
/* End XCConfigurationList section */

/* Begin XCRemoteSwiftPackageReference section */
		4665E9A73000EED60000D37E /* XCRemoteSwiftPackageReference "ios-maps-sdk" */ = {
			isa = XCRemoteSwiftPackageReference;
			repositoryURL = "https://github.com/googlemaps/ios-maps-sdk";
			requirement = {
				kind = upToNextMajorVersion;
				minimumVersion = 10.15.0;
			};
		};
		4665E9A83000EF580000D37E /* XCRemoteSwiftPackageReference "Alamofire" */ = {
			isa = XCRemoteSwiftPackageReference;
			repositoryURL = "https://github.com/Alamofire/Alamofire.git";
			requirement = {
				kind = upToNextMajorVersion;
				minimumVersion = 5.12.0;
			};
		};
/* End XCRemoteSwiftPackageReference section */

/* Begin XCSwiftPackageProductDependency section */
		4665EBD2300521BC0000D37E /* GoogleMaps */ = {
			isa = XCSwiftPackageProductDependency;
			package = 4665E9A73000EED60000D37E /* XCRemoteSwiftPackageReference "ios-maps-sdk" */;
			productName = GoogleMaps;
		};
		4665EBD4300521BC0000D37E /* Alamofire */ = {
			isa = XCSwiftPackageProductDependency;
			package = 4665E9A83000EF580000D37E /* XCRemoteSwiftPackageReference "Alamofire" */;
			productName = Alamofire;
		};
/* End XCSwiftPackageProductDependency section */
	};
	rootObject = 46B4B5B83000C35E00ACC797 /* Project object */;
}
